# THIS IS AN AUTOGENERATED FILE. DO NOT EDIT THIS FILE DIRECTLY.
# yarn lockfile v1


react-resizable-panels@^0.0.42:
  version "0.0.42"
  resolved "https://registry.yarnpkg.com/react-resizable-panels/-/react-resizable-panels-0.0.42.tgz#e1a5d7fde7be4d18f32d0e021a0b4edb28b9edfe"
  integrity sha512-nOaN9DeUTsmKjN3MFGaLd35kngGyO29SHRLdBRafYR1SV2F/LbWbpVUKVPwL2fBBTnQe2/rqOQwT4k+3cKeK+w==
